// !$*UTF8*$!
{
	archiveVersion = 1;
	classes = {
	};
	objectVersion = 56;
	objects = {

/* Begin PBXBuildFile section */
		060C32132B723FEB00348665 /* PortfolioContainer.xcdatamodeld in Sources */ = {isa = PBXBuildFile; fileRef = 060C32112B723FEB00348665 /* PortfolioContainer.xcdatamodeld */; };
		060C32152B72445200348665 /* PortfolioDataService.swift in Sources */ = {isa = PBXBuildFile; fileRef = 060C32142B72445100348665 /* PortfolioDataService.swift */; };
		060E12772B24614C00AE905C /* HomeViewModel.swift in Sources */ = {isa = PBXBuildFile; fileRef = 060E12762B24614C00AE905C /* HomeViewModel.swift */; };
		06166C3D2B5B246700A9363C /* MarketDataModel.swift in Sources */ = {isa = PBXBuildFile; fileRef = 06166C3C2B5B246700A9363C /* MarketDataModel.swift */; };
		06166C3F2B5B294200A9363C /* MarketDataService.swift in Sources */ = {isa = PBXBuildFile; fileRef = 06166C3E2B5B294100A9363C /* MarketDataService.swift */; };
		0620640C2B18F13C007E82F4 /* HomeView.swift in Sources */ = {isa = PBXBuildFile; fileRef = 0620640B2B18F13C007E82F4 /* HomeView.swift */; };
		062064142B18FB09007E82F4 /* CircleButtonView.swift in Sources */ = {isa = PBXBuildFile; fileRef = 062064132B18FB09007E82F4 /* CircleButtonView.swift */; };
		0627512C2B3357060031DA46 /* CoinImageView.swift in Sources */ = {isa = PBXBuildFile; fileRef = 0627512B2B3357060031DA46 /* CoinImageView.swift */; };
		0627512E2B336C740031DA46 /* CoinImageService.swift in Sources */ = {isa = PBXBuildFile; fileRef = 0627512D2B336C740031DA46 /* CoinImageService.swift */; };
		062751302B3382910031DA46 /* CoinImageViewModel.swift in Sources */ = {isa = PBXBuildFile; fileRef = 0627512F2B3382910031DA46 /* CoinImageViewModel.swift */; };
		06495E502B2A61A20056437B /* CoinDataService.swift in Sources */ = {isa = PBXBuildFile; fileRef = 06495E4F2B2A61A20056437B /* CoinDataService.swift */; };
		06495E5A2B2D118F0056437B /* NetworkManager.swift in Sources */ = {isa = PBXBuildFile; fileRef = 06495E592B2D118F0056437B /* NetworkManager.swift */; };
		065A817D2B1BB33D000B5290 /* CoinRowView.swift in Sources */ = {isa = PBXBuildFile; fileRef = 065A817C2B1BB33D000B5290 /* CoinRowView.swift */; };
		065A81812B1BB39F000B5290 /* PreviewProvider.swift in Sources */ = {isa = PBXBuildFile; fileRef = 065A81802B1BB39F000B5290 /* PreviewProvider.swift */; };
		065A81832B1C7B79000B5290 /* DoubleExtension.swift in Sources */ = {isa = PBXBuildFile; fileRef = 065A81822B1C7B79000B5290 /* DoubleExtension.swift */; };
		0665F8A82B3C8AA400B5EBBC /* LocalFileManager.swift in Sources */ = {isa = PBXBuildFile; fileRef = 0665F8A72B3C8AA400B5EBBC /* LocalFileManager.swift */; };
		0665F8AB2B47E55700B5EBBC /* SearchBarView.swift in Sources */ = {isa = PBXBuildFile; fileRef = 0665F8AA2B47E55700B5EBBC /* SearchBarView.swift */; };
		0665F8AD2B47E9E600B5EBBC /* UIApplicationExtension.swift in Sources */ = {isa = PBXBuildFile; fileRef = 0665F8AC2B47E9E600B5EBBC /* UIApplicationExtension.swift */; };
		066699D72B7983110022D37A /* HapticManager.swift in Sources */ = {isa = PBXBuildFile; fileRef = 066699D62B7983110022D37A /* HapticManager.swift */; };
		066A0FC62B1958B5002991E8 /* CircleButtonAnimationView.swift in Sources */ = {isa = PBXBuildFile; fileRef = 066A0FC52B1958B5002991E8 /* CircleButtonAnimationView.swift */; };
		066A0FC92B1A4357002991E8 /* CoinModel.swift in Sources */ = {isa = PBXBuildFile; fileRef = 066A0FC82B1A4357002991E8 /* CoinModel.swift */; };
		06B51CAA2B63EBE200865D48 /* XmarkButton.swift in Sources */ = {isa = PBXBuildFile; fileRef = 06B51CA92B63EBE200865D48 /* XmarkButton.swift */; };
		06B51CAC2B63EF0100865D48 /* AddCoinImageView.swift in Sources */ = {isa = PBXBuildFile; fileRef = 06B51CAB2B63EF0100865D48 /* AddCoinImageView.swift */; };
		06B6E4242B66B1B700750D91 /* CoinsAnimation.json in Resources */ = {isa = PBXBuildFile; fileRef = 06B6E4232B66B1B600750D91 /* CoinsAnimation.json */; };
		06C108E92B65C4C50044ACD3 /* Lottie in Frameworks */ = {isa = PBXBuildFile; productRef = 06C108E82B65C4C50044ACD3 /* Lottie */; };
		06C108EC2B6652EA0044ACD3 /* LottieView.swift in Sources */ = {isa = PBXBuildFile; fileRef = 06C108EB2B6652EA0044ACD3 /* LottieView.swift */; };
		06E71D342B54A24E00DA4FED /* StatisticModel.swift in Sources */ = {isa = PBXBuildFile; fileRef = 06E71D332B54A24E00DA4FED /* StatisticModel.swift */; };
		06E71D372B54A45000DA4FED /* StatisticView.swift in Sources */ = {isa = PBXBuildFile; fileRef = 06E71D362B54A45000DA4FED /* StatisticView.swift */; };
		06E71D3B2B54A9BF00DA4FED /* HomeStatisticView.swift in Sources */ = {isa = PBXBuildFile; fileRef = 06E71D3A2B54A9BF00DA4FED /* HomeStatisticView.swift */; };
		06FCAB522B166A04003B2832 /* SwiftlyCoinApp.swift in Sources */ = {isa = PBXBuildFile; fileRef = 06FCAB512B166A04003B2832 /* SwiftlyCoinApp.swift */; };
		06FCAB542B166A04003B2832 /* ContentView.swift in Sources */ = {isa = PBXBuildFile; fileRef = 06FCAB532B166A04003B2832 /* ContentView.swift */; };
		06FCAB562B166A06003B2832 /* Assets.xcassets in Resources */ = {isa = PBXBuildFile; fileRef = 06FCAB552B166A06003B2832 /* Assets.xcassets */; };
		06FCAB592B166A06003B2832 /* Preview Assets.xcassets in Resources */ = {isa = PBXBuildFile; fileRef = 06FCAB582B166A06003B2832 /* Preview Assets.xcassets */; };
		06FCAB632B166B2C003B2832 /* ColorExtension.swift in Sources */ = {isa = PBXBuildFile; fileRef = 06FCAB622B166B2C003B2832 /* ColorExtension.swift */; };
		06FF6E212B61C62900CD3668 /* AddCoinView.swift in Sources */ = {isa = PBXBuildFile; fileRef = 06FF6E202B61C62900CD3668 /* AddCoinView.swift */; };
/* End PBXBuildFile section */

/* Begin PBXFileReference section */
		060C32122B723FEB00348665 /* PortfolioContainer.xcdatamodel */ = {isa = PBXFileReference; lastKnownFileType = wrapper.xcdatamodel; path = PortfolioContainer.xcdatamodel; sourceTree = "<group>"; };
		060C32142B72445100348665 /* PortfolioDataService.swift */ = {isa = PBXFileReference; lastKnownFileType = sourcecode.swift; path = PortfolioDataService.swift; sourceTree = "<group>"; };
		060E12762B24614C00AE905C /* HomeViewModel.swift */ = {isa = PBXFileReference; lastKnownFileType = sourcecode.swift; path = HomeViewModel.swift; sourceTree = "<group>"; };
		06166C3C2B5B246700A9363C /* MarketDataModel.swift */ = {isa = PBXFileReference; lastKnownFileType = sourcecode.swift; path = MarketDataModel.swift; sourceTree = "<group>"; };
		06166C3E2B5B294100A9363C /* MarketDataService.swift */ = {isa = PBXFileReference; lastKnownFileType = sourcecode.swift; path = MarketDataService.swift; sourceTree = "<group>"; };
		0620640B2B18F13C007E82F4 /* HomeView.swift */ = {isa = PBXFileReference; lastKnownFileType = sourcecode.swift; path = HomeView.swift; sourceTree = "<group>"; };
		062064132B18FB09007E82F4 /* CircleButtonView.swift */ = {isa = PBXFileReference; lastKnownFileType = sourcecode.swift; path = CircleButtonView.swift; sourceTree = "<group>"; };
		0627512B2B3357060031DA46 /* CoinImageView.swift */ = {isa = PBXFileReference; lastKnownFileType = sourcecode.swift; path = CoinImageView.swift; sourceTree = "<group>"; };
		0627512D2B336C740031DA46 /* CoinImageService.swift */ = {isa = PBXFileReference; lastKnownFileType = sourcecode.swift; path = CoinImageService.swift; sourceTree = "<group>"; };
		0627512F2B3382910031DA46 /* CoinImageViewModel.swift */ = {isa = PBXFileReference; lastKnownFileType = sourcecode.swift; path = CoinImageViewModel.swift; sourceTree = "<group>"; };
		06495E4F2B2A61A20056437B /* CoinDataService.swift */ = {isa = PBXFileReference; lastKnownFileType = sourcecode.swift; path = CoinDataService.swift; sourceTree = "<group>"; };
		06495E592B2D118F0056437B /* NetworkManager.swift */ = {isa = PBXFileReference; lastKnownFileType = sourcecode.swift; path = NetworkManager.swift; sourceTree = "<group>"; };
		065A817C2B1BB33D000B5290 /* CoinRowView.swift */ = {isa = PBXFileReference; lastKnownFileType = sourcecode.swift; path = CoinRowView.swift; sourceTree = "<group>"; };
		065A81802B1BB39F000B5290 /* PreviewProvider.swift */ = {isa = PBXFileReference; lastKnownFileType = sourcecode.swift; path = PreviewProvider.swift; sourceTree = "<group>"; };
		065A81822B1C7B79000B5290 /* DoubleExtension.swift */ = {isa = PBXFileReference; lastKnownFileType = sourcecode.swift; path = DoubleExtension.swift; sourceTree = "<group>"; };
		0665F8A72B3C8AA400B5EBBC /* LocalFileManager.swift */ = {isa = PBXFileReference; lastKnownFileType = sourcecode.swift; path = LocalFileManager.swift; sourceTree = "<group>"; };
		0665F8AA2B47E55700B5EBBC /* SearchBarView.swift */ = {isa = PBXFileReference; lastKnownFileType = sourcecode.swift; path = SearchBarView.swift; sourceTree = "<group>"; };
		0665F8AC2B47E9E600B5EBBC /* UIApplicationExtension.swift */ = {isa = PBXFileReference; lastKnownFileType = sourcecode.swift; path = UIApplicationExtension.swift; sourceTree = "<group>"; };
		066699D62B7983110022D37A /* HapticManager.swift */ = {isa = PBXFileReference; lastKnownFileType = sourcecode.swift; path = HapticManager.swift; sourceTree = "<group>"; };
		066A0FC52B1958B5002991E8 /* CircleButtonAnimationView.swift */ = {isa = PBXFileReference; lastKnownFileType = sourcecode.swift; path = CircleButtonAnimationView.swift; sourceTree = "<group>"; };
		066A0FC82B1A4357002991E8 /* CoinModel.swift */ = {isa = PBXFileReference; lastKnownFileType = sourcecode.swift; path = CoinModel.swift; sourceTree = "<group>"; };
		06B51CA92B63EBE200865D48 /* XmarkButton.swift */ = {isa = PBXFileReference; lastKnownFileType = sourcecode.swift; path = XmarkButton.swift; sourceTree = "<group>"; };
		06B51CAB2B63EF0100865D48 /* AddCoinImageView.swift */ = {isa = PBXFileReference; lastKnownFileType = sourcecode.swift; path = AddCoinImageView.swift; sourceTree = "<group>"; };
		06B6E4232B66B1B600750D91 /* CoinsAnimation.json */ = {isa = PBXFileReference; fileEncoding = 4; lastKnownFileType = text.json; path = CoinsAnimation.json; sourceTree = "<group>"; };
		06C108EB2B6652EA0044ACD3 /* LottieView.swift */ = {isa = PBXFileReference; lastKnownFileType = sourcecode.swift; path = LottieView.swift; sourceTree = "<group>"; };
		06E71D332B54A24E00DA4FED /* StatisticModel.swift */ = {isa = PBXFileReference; lastKnownFileType = sourcecode.swift; path = StatisticModel.swift; sourceTree = "<group>"; };
		06E71D362B54A45000DA4FED /* StatisticView.swift */ = {isa = PBXFileReference; lastKnownFileType = sourcecode.swift; path = StatisticView.swift; sourceTree = "<group>"; };
		06E71D3A2B54A9BF00DA4FED /* HomeStatisticView.swift */ = {isa = PBXFileReference; lastKnownFileType = sourcecode.swift; path = HomeStatisticView.swift; sourceTree = "<group>"; };
		06FCAB4E2B166A04003B2832 /* SwiftlyCoin.app */ = {isa = PBXFileReference; explicitFileType = wrapper.application; includeInIndex = 0; path = SwiftlyCoin.app; sourceTree = BUILT_PRODUCTS_DIR; };
		06FCAB512B166A04003B2832 /* SwiftlyCoinApp.swift */ = {isa = PBXFileReference; lastKnownFileType = sourcecode.swift; path = SwiftlyCoinApp.swift; sourceTree = "<group>"; };
		06FCAB532B166A04003B2832 /* ContentView.swift */ = {isa = PBXFileReference; lastKnownFileType = sourcecode.swift; path = ContentView.swift; sourceTree = "<group>"; };
		06FCAB552B166A06003B2832 /* Assets.xcassets */ = {isa = PBXFileReference; lastKnownFileType = folder.assetcatalog; path = Assets.xcassets; sourceTree = "<group>"; };
		06FCAB582B166A06003B2832 /* Preview Assets.xcassets */ = {isa = PBXFileReference; lastKnownFileType = folder.assetcatalog; path = "Preview Assets.xcassets"; sourceTree = "<group>"; };
		06FCAB622B166B2C003B2832 /* ColorExtension.swift */ = {isa = PBXFileReference; lastKnownFileType = sourcecode.swift; path = ColorExtension.swift; sourceTree = "<group>"; };
		06FF6E202B61C62900CD3668 /* AddCoinView.swift */ = {isa = PBXFileReference; lastKnownFileType = sourcecode.swift; path = AddCoinView.swift; sourceTree = "<group>"; };
/* End PBXFileReference section */

/* Begin PBXFrameworksBuildPhase section */
		06FCAB4B2B166A04003B2832 /* Frameworks */ = {
			isa = PBXFrameworksBuildPhase;
			buildActionMask = 2147483647;
			files = (
				06C108E92B65C4C50044ACD3 /* Lottie in Frameworks */,
			);
			runOnlyForDeploymentPostprocessing = 0;
		};
/* End PBXFrameworksBuildPhase section */

/* Begin PBXGroup section */
		062064092B18F117007E82F4 /* Core */ = {
			isa = PBXGroup;
			children = (
				066A0FC72B1A4349002991E8 /* Models */,
				062064112B18FADB007E82F4 /* Components */,
				0620640A2B18F128007E82F4 /* Home */,
			);
			path = Core;
			sourceTree = "<group>";
		};
		0620640A2B18F128007E82F4 /* Home */ = {
			isa = PBXGroup;
			children = (
				0620640E2B18F149007E82F4 /* ViewModels */,
				0620640D2B18F143007E82F4 /* Views */,
			);
			path = Home;
			sourceTree = "<group>";
		};
		0620640D2B18F143007E82F4 /* Views */ = {
			isa = PBXGroup;
			children = (
				0620640B2B18F13C007E82F4 /* HomeView.swift */,
				06FF6E202B61C62900CD3668 /* AddCoinView.swift */,
				06E71D3A2B54A9BF00DA4FED /* HomeStatisticView.swift */,
				065A817C2B1BB33D000B5290 /* CoinRowView.swift */,
			);
			path = Views;
			sourceTree = "<group>";
		};
		0620640E2B18F149007E82F4 /* ViewModels */ = {
			isa = PBXGroup;
			children = (
				060E12762B24614C00AE905C /* HomeViewModel.swift */,
			);
			path = ViewModels;
			sourceTree = "<group>";
		};
		062064112B18FADB007E82F4 /* Components */ = {
			isa = PBXGroup;
			children = (
				06C108EA2B65C4E10044ACD3 /* Lottie */,
				06B51CA82B63EB9800865D48 /* Xmark */,
				06E71D352B54A3D500DA4FED /* StatisticsView */,
				0665F8A92B47E53D00B5EBBC /* SearchBar */,
				0627512A2B3356F80031DA46 /* CoinImage */,
				062064122B18FAED007E82F4 /* CicrleButton */,
			);
			path = Components;
			sourceTree = "<group>";
		};
		062064122B18FAED007E82F4 /* CicrleButton */ = {
			isa = PBXGroup;
			children = (
				062064132B18FB09007E82F4 /* CircleButtonView.swift */,
				066A0FC52B1958B5002991E8 /* CircleButtonAnimationView.swift */,
			);
			path = CicrleButton;
			sourceTree = "<group>";
		};
		0627512A2B3356F80031DA46 /* CoinImage */ = {
			isa = PBXGroup;
			children = (
				0627512B2B3357060031DA46 /* CoinImageView.swift */,
				0627512F2B3382910031DA46 /* CoinImageViewModel.swift */,
				06B51CAB2B63EF0100865D48 /* AddCoinImageView.swift */,
			);
			path = CoinImage;
			sourceTree = "<group>";
		};
		06495E4E2B2A618C0056437B /* Services  */ = {
			isa = PBXGroup;
			children = (
				06495E4F2B2A61A20056437B /* CoinDataService.swift */,
				06166C3E2B5B294100A9363C /* MarketDataService.swift */,
				0627512D2B336C740031DA46 /* CoinImageService.swift */,
				060C32142B72445100348665 /* PortfolioDataService.swift */,
			);
			path = "Services ";
			sourceTree = "<group>";
		};
		06495E582B2D116F0056437B /* Managers */ = {
			isa = PBXGroup;
			children = (
				06495E592B2D118F0056437B /* NetworkManager.swift */,
				0665F8A72B3C8AA400B5EBBC /* LocalFileManager.swift */,
				066699D62B7983110022D37A /* HapticManager.swift */,
			);
			path = Managers;
			sourceTree = "<group>";
		};
		0665F8A92B47E53D00B5EBBC /* SearchBar */ = {
			isa = PBXGroup;
			children = (
				0665F8AA2B47E55700B5EBBC /* SearchBarView.swift */,
			);
			path = SearchBar;
			sourceTree = "<group>";
		};
		066A0FC72B1A4349002991E8 /* Models */ = {
			isa = PBXGroup;
			children = (
				066A0FC82B1A4357002991E8 /* CoinModel.swift */,
				06E71D332B54A24E00DA4FED /* StatisticModel.swift */,
				06166C3C2B5B246700A9363C /* MarketDataModel.swift */,
				060C32112B723FEB00348665 /* PortfolioContainer.xcdatamodeld */,
			);
			path = Models;
			sourceTree = "<group>";
		};
		06B51CA82B63EB9800865D48 /* Xmark */ = {
			isa = PBXGroup;
			children = (
				06B51CA92B63EBE200865D48 /* XmarkButton.swift */,
			);
			path = Xmark;
			sourceTree = "<group>";
		};
		06C108EA2B65C4E10044ACD3 /* Lottie */ = {
			isa = PBXGroup;
			children = (
				06C108EB2B6652EA0044ACD3 /* LottieView.swift */,
			);
			path = Lottie;
			sourceTree = "<group>";
		};
		06E71D352B54A3D500DA4FED /* StatisticsView */ = {
			isa = PBXGroup;
			children = (
				06E71D362B54A45000DA4FED /* StatisticView.swift */,
			);
			path = StatisticsView;
			sourceTree = "<group>";
		};
		06FCAB452B166A04003B2832 = {
			isa = PBXGroup;
			children = (
				06FCAB502B166A04003B2832 /* SwiftlyCoin */,
				06FCAB4F2B166A04003B2832 /* Products */,
			);
			sourceTree = "<group>";
		};
		06FCAB4F2B166A04003B2832 /* Products */ = {
			isa = PBXGroup;
			children = (
				06FCAB4E2B166A04003B2832 /* SwiftlyCoin.app */,
			);
			name = Products;
			sourceTree = "<group>";
		};
		06FCAB502B166A04003B2832 /* SwiftlyCoin */ = {
			isa = PBXGroup;
			children = (
				06FCAB512B166A04003B2832 /* SwiftlyCoinApp.swift */,
				06FCAB532B166A04003B2832 /* ContentView.swift */,
				06495E582B2D116F0056437B /* Managers */,
				06495E4E2B2A618C0056437B /* Services  */,
				062064092B18F117007E82F4 /* Core */,
				06FCAB612B166B18003B2832 /* Extensions */,
				06FCAB552B166A06003B2832 /* Assets.xcassets */,
				06B6E4232B66B1B600750D91 /* CoinsAnimation.json */,
				06FCAB572B166A06003B2832 /* Preview Content */,
			);
			path = SwiftlyCoin;
			sourceTree = "<group>";
		};
		06FCAB572B166A06003B2832 /* Preview Content */ = {
			isa = PBXGroup;
			children = (
				06FCAB582B166A06003B2832 /* Preview Assets.xcassets */,
			);
			path = "Preview Content";
			sourceTree = "<group>";
		};
		06FCAB612B166B18003B2832 /* Extensions */ = {
			isa = PBXGroup;
			children = (
				06FCAB622B166B2C003B2832 /* ColorExtension.swift */,
				065A81802B1BB39F000B5290 /* PreviewProvider.swift */,
				065A81822B1C7B79000B5290 /* DoubleExtension.swift */,
				0665F8AC2B47E9E600B5EBBC /* UIApplicationExtension.swift */,
			);
			path = Extensions;
			sourceTree = "<group>";
		};
/* End PBXGroup section */

/* Begin PBXNativeTarget section */
		06FCAB4D2B166A04003B2832 /* SwiftlyCoin */ = {
			isa = PBXNativeTarget;
			buildConfigurationList = 06FCAB5C2B166A06003B2832 /* Build configuration list for PBXNativeTarget "SwiftlyCoin" */;
			buildPhases = (
				06FCAB4A2B166A04003B2832 /* Sources */,
				06FCAB4B2B166A04003B2832 /* Frameworks */,
				06FCAB4C2B166A04003B2832 /* Resources */,
			);
			buildRules = (
			);
			dependencies = (
			);
			name = SwiftlyCoin;
			packageProductDependencies = (
				06C108E82B65C4C50044ACD3 /* Lottie */,
			);
			productName = SwiftlyCoin;
			productReference = 06FCAB4E2B166A04003B2832 /* SwiftlyCoin.app */;
			productType = "com.apple.product-type.application";
		};
/* End PBXNativeTarget section */

/* Begin PBXProject section */
		06FCAB462B166A04003B2832 /* Project object */ = {
			isa = PBXProject;
			attributes = {
				BuildIndependentTargetsInParallel = 1;
				LastSwiftUpdateCheck = 1500;
				LastUpgradeCheck = 1500;
				TargetAttributes = {
					06FCAB4D2B166A04003B2832 = {
						CreatedOnToolsVersion = 15.0.1;
					};
				};
			};
			buildConfigurationList = 06FCAB492B166A04003B2832 /* Build configuration list for PBXProject "SwiftlyCoin" */;
			compatibilityVersion = "Xcode 14.0";
			developmentRegion = en;
			hasScannedForEncodings = 0;
			knownRegions = (
				en,
				Base,
			);
			mainGroup = 06FCAB452B166A04003B2832;
			packageReferences = (
				06C108E72B65C4C50044ACD3 /* XCRemoteSwiftPackageReference "lottie-ios" */,
			);
			productRefGroup = 06FCAB4F2B166A04003B2832 /* Products */;
			projectDirPath = "";
			projectRoot = "";
			targets = (
				06FCAB4D2B166A04003B2832 /* SwiftlyCoin */,
			);
		};
/* End PBXProject section */

/* Begin PBXResourcesBuildPhase section */
		06FCAB4C2B166A04003B2832 /* Resources */ = {
			isa = PBXResourcesBuildPhase;
			buildActionMask = 2147483647;
			files = (
				06FCAB592B166A06003B2832 /* Preview Assets.xcassets in Resources */,
				06FCAB562B166A06003B2832 /* Assets.xcassets in Resources */,
				06B6E4242B66B1B700750D91 /* CoinsAnimation.json in Resources */,
			);
			runOnlyForDeploymentPostprocessing = 0;
		};
/* End PBXResourcesBuildPhase section */

/* Begin PBXSourcesBuildPhase section */
		06FCAB4A2B166A04003B2832 /* Sources */ = {
			isa = PBXSourcesBuildPhase;
			buildActionMask = 2147483647;
			files = (
				06E71D3B2B54A9BF00DA4FED /* HomeStatisticView.swift in Sources */,
				06E71D342B54A24E00DA4FED /* StatisticModel.swift in Sources */,
				06495E502B2A61A20056437B /* CoinDataService.swift in Sources */,
				065A817D2B1BB33D000B5290 /* CoinRowView.swift in Sources */,
				060E12772B24614C00AE905C /* HomeViewModel.swift in Sources */,
				06495E5A2B2D118F0056437B /* NetworkManager.swift in Sources */,
				06166C3D2B5B246700A9363C /* MarketDataModel.swift in Sources */,
				0665F8A82B3C8AA400B5EBBC /* LocalFileManager.swift in Sources */,
				062064142B18FB09007E82F4 /* CircleButtonView.swift in Sources */,
				06E71D372B54A45000DA4FED /* StatisticView.swift in Sources */,
				060C32152B72445200348665 /* PortfolioDataService.swift in Sources */,
				0627512C2B3357060031DA46 /* CoinImageView.swift in Sources */,
				06C108EC2B6652EA0044ACD3 /* LottieView.swift in Sources */,
				066A0FC62B1958B5002991E8 /* CircleButtonAnimationView.swift in Sources */,
				065A81832B1C7B79000B5290 /* DoubleExtension.swift in Sources */,
				06B51CAC2B63EF0100865D48 /* AddCoinImageView.swift in Sources */,
				06FCAB632B166B2C003B2832 /* ColorExtension.swift in Sources */,
				0665F8AB2B47E55700B5EBBC /* SearchBarView.swift in Sources */,
				0620640C2B18F13C007E82F4 /* HomeView.swift in Sources */,
				066A0FC92B1A4357002991E8 /* CoinModel.swift in Sources */,
				06B51CAA2B63EBE200865D48 /* XmarkButton.swift in Sources */,
				06166C3F2B5B294200A9363C /* MarketDataService.swift in Sources */,
				06FF6E212B61C62900CD3668 /* AddCoinView.swift in Sources */,
				060C32132B723FEB00348665 /* PortfolioContainer.xcdatamodeld in Sources */,
				062751302B3382910031DA46 /* CoinImageViewModel.swift in Sources */,
				06FCAB542B166A04003B2832 /* ContentView.swift in Sources */,
				0665F8AD2B47E9E600B5EBBC /* UIApplicationExtension.swift in Sources */,
				06FCAB522B166A04003B2832 /* SwiftlyCoinApp.swift in Sources */,
				0627512E2B336C740031DA46 /* CoinImageService.swift in Sources */,
				066699D72B7983110022D37A /* HapticManager.swift in Sources */,
				065A81812B1BB39F000B5290 /* PreviewProvider.swift in Sources */,
			);
			runOnlyForDeploymentPostprocessing = 0;
		};
/* End PBXSourcesBuildPhase section */

/* Begin XCBuildConfiguration section */
		06FCAB5A2B166A06003B2832 /* Debug */ = {
			isa = XCBuildConfiguration;
			buildSettings = {
				ALWAYS_SEARCH_USER_PATHS = NO;
				ASSETCATALOG_COMPILER_GENERATE_SWIFT_ASSET_SYMBOL_EXTENSIONS = YES;
				CLANG_ANALYZER_NONNULL = YES;
				CLANG_ANALYZER_NUMBER_OBJECT_CONVERSION = YES_AGGRESSIVE;
				CLANG_CXX_LANGUAGE_STANDARD = "gnu++20";
				CLANG_ENABLE_MODULES = YES;
				CLANG_ENABLE_OBJC_ARC = YES;
				CLANG_ENABLE_OBJC_WEAK = YES;
				CLANG_WARN_BLOCK_CAPTURE_AUTORELEASING = YES;
				CLANG_WARN_BOOL_CONVERSION = YES;
				CLANG_WARN_COMMA = YES;
				CLANG_WARN_CONSTANT_CONVERSION = YES;
				CLANG_WARN_DEPRECATED_OBJC_IMPLEMENTATIONS = YES;
				CLANG_WARN_DIRECT_OBJC_ISA_USAGE = YES_ERROR;
				CLANG_WARN_DOCUMENTATION_COMMENTS = YES;
				CLANG_WARN_EMPTY_BODY = YES;
				CLANG_WARN_ENUM_CONVERSION = YES;
				CLANG_WARN_INFINITE_RECURSION = YES;
				CLANG_WARN_INT_CONVERSION = YES;
				CLANG_WARN_NON_LITERAL_NULL_CONVERSION = YES;
				CLANG_WARN_OBJC_IMPLICIT_RETAIN_SELF = YES;
				CLANG_WARN_OBJC_LITERAL_CONVERSION = YES;
				CLANG_WARN_OBJC_ROOT_CLASS = YES_ERROR;
				CLANG_WARN_QUOTED_INCLUDE_IN_FRAMEWORK_HEADER = YES;
				CLANG_WARN_RANGE_LOOP_ANALYSIS = YES;
				CLANG_WARN_STRICT_PROTOTYPES = YES;
				CLANG_WARN_SUSPICIOUS_MOVE = YES;
				CLANG_WARN_UNGUARDED_AVAILABILITY = YES_AGGRESSIVE;
				CLANG_WARN_UNREACHABLE_CODE = YES;
				CLANG_WARN__DUPLICATE_METHOD_MATCH = YES;
				COPY_PHASE_STRIP = NO;
				DEBUG_INFORMATION_FORMAT = dwarf;
				ENABLE_STRICT_OBJC_MSGSEND = YES;
				ENABLE_TESTABILITY = YES;
				ENABLE_USER_SCRIPT_SANDBOXING = YES;
				GCC_C_LANGUAGE_STANDARD = gnu17;
				GCC_DYNAMIC_NO_PIC = NO;
				GCC_NO_COMMON_BLOCKS = YES;
				GCC_OPTIMIZATION_LEVEL = 0;
				GCC_PREPROCESSOR_DEFINITIONS = (
					"DEBUG=1",
					"$(inherited)",
				);
				GCC_WARN_64_TO_32_BIT_CONVERSION = YES;
				GCC_WARN_ABOUT_RETURN_TYPE = YES_ERROR;
				GCC_WARN_UNDECLARED_SELECTOR = YES;
				GCC_WARN_UNINITIALIZED_AUTOS = YES_AGGRESSIVE;
				GCC_WARN_UNUSED_FUNCTION = YES;
				GCC_WARN_UNUSED_VARIABLE = YES;
				IPHONEOS_DEPLOYMENT_TARGET = 17.0;
				LOCALIZATION_PREFERS_STRING_CATALOGS = YES;
				MTL_ENABLE_DEBUG_INFO = INCLUDE_SOURCE;
				MTL_FAST_MATH = YES;
				ONLY_ACTIVE_ARCH = YES;
				SDKROOT = iphoneos;
				SWIFT_ACTIVE_COMPILATION_CONDITIONS = "DEBUG $(inherited)";
				SWIFT_OPTIMIZATION_LEVEL = "-Onone";
			};
			name = Debug;
		};
		06FCAB5B2B166A06003B2832 /* Release */ = {
			isa = XCBuildConfiguration;
			buildSettings = {
				ALWAYS_SEARCH_USER_PATHS = NO;
				ASSETCATALOG_COMPILER_GENERATE_SWIFT_ASSET_SYMBOL_EXTENSIONS = YES;
				CLANG_ANALYZER_NONNULL = YES;
				CLANG_ANALYZER_NUMBER_OBJECT_CONVERSION = YES_AGGRESSIVE;
				CLANG_CXX_LANGUAGE_STANDARD = "gnu++20";
				CLANG_ENABLE_MODULES = YES;
				CLANG_ENABLE_OBJC_ARC = YES;
				CLANG_ENABLE_OBJC_WEAK = YES;
				CLANG_WARN_BLOCK_CAPTURE_AUTORELEASING = YES;
				CLANG_WARN_BOOL_CONVERSION = YES;
				CLANG_WARN_COMMA = YES;
				CLANG_WARN_CONSTANT_CONVERSION = YES;
				CLANG_WARN_DEPRECATED_OBJC_IMPLEMENTATIONS = YES;
				CLANG_WARN_DIRECT_OBJC_ISA_USAGE = YES_ERROR;
				CLANG_WARN_DOCUMENTATION_COMMENTS = YES;
				CLANG_WARN_EMPTY_BODY = YES;
				CLANG_WARN_ENUM_CONVERSION = YES;
				CLANG_WARN_INFINITE_RECURSION = YES;
				CLANG_WARN_INT_CONVERSION = YES;
				CLANG_WARN_NON_LITERAL_NULL_CONVERSION = YES;
				CLANG_WARN_OBJC_IMPLICIT_RETAIN_SELF = YES;
				CLANG_WARN_OBJC_LITERAL_CONVERSION = YES;
				CLANG_WARN_OBJC_ROOT_CLASS = YES_ERROR;
				CLANG_WARN_QUOTED_INCLUDE_IN_FRAMEWORK_HEADER = YES;
				CLANG_WARN_RANGE_LOOP_ANALYSIS = YES;
				CLANG_WARN_STRICT_PROTOTYPES = YES;
				CLANG_WARN_SUSPICIOUS_MOVE = YES;
				CLANG_WARN_UNGUARDED_AVAILABILITY = YES_AGGRESSIVE;
				CLANG_WARN_UNREACHABLE_CODE = YES;
				CLANG_WARN__DUPLICATE_METHOD_MATCH = YES;
				COPY_PHASE_STRIP = NO;
				DEBUG_INFORMATION_FORMAT = "dwarf-with-dsym";
				ENABLE_NS_ASSERTIONS = NO;
				ENABLE_STRICT_OBJC_MSGSEND = YES;
				ENABLE_USER_SCRIPT_SANDBOXING = YES;
				GCC_C_LANGUAGE_STANDARD = gnu17;
				GCC_NO_COMMON_BLOCKS = YES;
				GCC_WARN_64_TO_32_BIT_CONVERSION = YES;
				GCC_WARN_ABOUT_RETURN_TYPE = YES_ERROR;
				GCC_WARN_UNDECLARED_SELECTOR = YES;
				GCC_WARN_UNINITIALIZED_AUTOS = YES_AGGRESSIVE;
				GCC_WARN_UNUSED_FUNCTION = YES;
				GCC_WARN_UNUSED_VARIABLE = YES;
				IPHONEOS_DEPLOYMENT_TARGET = 17.0;
				LOCALIZATION_PREFERS_STRING_CATALOGS = YES;
				MTL_ENABLE_DEBUG_INFO = NO;
				MTL_FAST_MATH = YES;
				SDKROOT = iphoneos;
				SWIFT_COMPILATION_MODE = wholemodule;
				VALIDATE_PRODUCT = YES;
			};
			name = Release;
		};
		06FCAB5D2B166A06003B2832 /* Debug */ = {
			isa = XCBuildConfiguration;
			buildSettings = {
				ASSETCATALOG_COMPILER_APPICON_NAME = AppIcon;
				ASSETCATALOG_COMPILER_GLOBAL_ACCENT_COLOR_NAME = AccentColor;
				CODE_SIGN_STYLE = Automatic;
				CURRENT_PROJECT_VERSION = 1;
				DEVELOPMENT_ASSET_PATHS = "\"SwiftlyCoin/Preview Content\"";
				DEVELOPMENT_TEAM = 9P2557SXV6;
				ENABLE_PREVIEWS = YES;
				GENERATE_INFOPLIST_FILE = YES;
				INFOPLIST_KEY_CFBundleDisplayName = "Swiftly Coin";
				INFOPLIST_KEY_UIApplicationSceneManifest_Generation = YES;
				INFOPLIST_KEY_UIApplicationSupportsIndirectInputEvents = YES;
				INFOPLIST_KEY_UILaunchScreen_Generation = YES;
				INFOPLIST_KEY_UISupportedInterfaceOrientations = UIInterfaceOrientationPortrait;
				LD_RUNPATH_SEARCH_PATHS = (
					"$(inherited)",
					"@executable_path/Frameworks",
				);
				MARKETING_VERSION = 1.0;
				PRODUCT_BUNDLE_IDENTIFIER = Micoone.SwiftlyCoin;
				PRODUCT_NAME = "$(TARGET_NAME)";
				SWIFT_EMIT_LOC_STRINGS = YES;
				SWIFT_VERSION = 5.0;
				TARGETED_DEVICE_FAMILY = "1,2";
			};
			name = Debug;
		};
		06FCAB5E2B166A06003B2832 /* Release */ = {
			isa = XCBuildConfiguration;
			buildSettings = {
				ASSETCATALOG_COMPILER_APPICON_NAME = AppIcon;
				ASSETCATALOG_COMPILER_GLOBAL_ACCENT_COLOR_NAME = AccentColor;
				CODE_SIGN_STYLE = Automatic;
				CURRENT_PROJECT_VERSION = 1;
				DEVELOPMENT_ASSET_PATHS = "\"SwiftlyCoin/Preview Content\"";
				DEVELOPMENT_TEAM = 9P2557SXV6;
				ENABLE_PREVIEWS = YES;
				GENERATE_INFOPLIST_FILE = YES;
				INFOPLIST_KEY_CFBundleDisplayName = "Swiftly Coin";
				INFOPLIST_KEY_UIApplicationSceneManifest_Generation = YES;
				INFOPLIST_KEY_UIApplicationSupportsIndirectInputEvents = YES;
				INFOPLIST_KEY_UILaunchScreen_Generation = YES;
				INFOPLIST_KEY_UISupportedInterfaceOrientations = UIInterfaceOrientationPortrait;
				LD_RUNPATH_SEARCH_PATHS = (
					"$(inherited)",
					"@executable_path/Frameworks",
				);
				MARKETING_VERSION = 1.0;
				PRODUCT_BUNDLE_IDENTIFIER = Micoone.SwiftlyCoin;
				PRODUCT_NAME = "$(TARGET_NAME)";
				SWIFT_EMIT_LOC_STRINGS = YES;
				SWIFT_VERSION = 5.0;
				TARGETED_DEVICE_FAMILY = "1,2";
			};
			name = Release;
		};
/* End XCBuildConfiguration section */

/* Begin XCConfigurationList section */
		06FCAB492B166A04003B2832 /* Build configuration list for PBXProject "SwiftlyCoin" */ = {
			isa = XCConfigurationList;
			buildConfigurations = (
				06FCAB5A2B166A06003B2832 /* Debug */,
				06FCAB5B2B166A06003B2832 /* Release */,
			);
			defaultConfigurationIsVisible = 0;
			defaultConfigurationName = Release;
		};
		06FCAB5C2B166A06003B2832 /* Build configuration list for PBXNativeTarget "SwiftlyCoin" */ = {
			isa = XCConfigurationList;
			buildConfigurations = (
				06FCAB5D2B166A06003B2832 /* Debug */,
				06FCAB5E2B166A06003B2832 /* Release */,
			);
			defaultConfigurationIsVisible = 0;
			defaultConfigurationName = Release;
		};
/* End XCConfigurationList section */

/* Begin XCRemoteSwiftPackageReference section */
		06C108E72B65C4C50044ACD3 /* XCRemoteSwiftPackageReference "lottie-ios" */ = {
			isa = XCRemoteSwiftPackageReference;
			repositoryURL = "https://github.com/airbnb/lottie-ios.git";
			requirement = {
				kind = upToNextMajorVersion;
				minimumVersion = 4.4.0;
			};
		};
/* End XCRemoteSwiftPackageReference section */

/* Begin XCSwiftPackageProductDependency section */
		06C108E82B65C4C50044ACD3 /* Lottie */ = {
			isa = XCSwiftPackageProductDependency;
			package = 06C108E72B65C4C50044ACD3 /* XCRemoteSwiftPackageReference "lottie-ios" */;
			productName = Lottie;
		};
/* End XCSwiftPackageProductDependency section */

/* Begin XCVersionGroup section */
		060C32112B723FEB00348665 /* PortfolioContainer.xcdatamodeld */ = {
			isa = XCVersionGroup;
			children = (
				060C32122B723FEB00348665 /* PortfolioContainer.xcdatamodel */,
			);
			currentVersion = 060C32122B723FEB00348665 /* PortfolioContainer.xcdatamodel */;
			path = PortfolioContainer.xcdatamodeld;
			sourceTree = "<group>";
			versionGroupType = wrapper.xcdatamodel;
		};
/* End XCVersionGroup section */
	};
	rootObject = 06FCAB462B166A04003B2832 /* Project object */;
}
